
Microsoft Visual Studio Solution File, Format Version 12.00
# Visual Studio Version 16
VisualStudioVersion = 16.0.31105.61
MinimumVisualStudioVersion = 10.0.40219.1
Project("{FAE04EC0-301F-11D3-BF4B-00C04F79EFBC}") = "survey-backend", "survey-backend\survey-backend.csproj", "{9EEA4EDB-8382-48BF-92EA-A3C421084692}"
EndProject
Global
	GlobalSection(SolutionConfigurationPlatforms) = preSolution
		Debug|Any CPU = Debug|Any CPU
		Release|Any CPU = Release|Any CPU
	EndGlobalSection
	GlobalSection(ProjectConfigurationPlatforms) = postSolution
		{9EEA4EDB-8382-48BF-92EA-A3C421084692}.Debug|Any CPU.ActiveCfg = Debug|Any CPU
		{9EEA4EDB-8382-48BF-92EA-A3C421084692}.Debug|Any CPU.Build.0 = Debug|Any CPU
		{9EEA4EDB-8382-48BF-92EA-A3C421084692}.Release|Any CPU.ActiveCfg = Release|Any CPU
		{9EEA4EDB-8382-48BF-92EA-A3C421084692}.Release|Any CPU.Build.0 = Release|Any CPU
	EndGlobalSection
	GlobalSection(SolutionProperties) = preSolution
		HideSolutionNode = FALSE
	EndGlobalSection
	GlobalSection(ExtensibilityGlobals) = postSolution
		SolutionGuid = {DBB81008-36B7-41A7-B664-8FAA7C6FAD93}
	EndGlobalSection
EndGlobal
